
Microsoft Visual Studio Solution File, Format Version 12.00
# Visual Studio 2013
VisualStudioVersion = 12.0.40629.0
MinimumVisualStudioVersion = 10.0.40219.1
Project("{FAE04EC0-301F-11D3-BF4B-00C04F79EFBC}") = "OverlayPaintDev", "OverlayPaintDev\OverlayPaintDev.csproj", "{ED77BEBD-F0A9-4DE3-B4AC-3822CAA0D936}"
EndProject
Project("{FAE04EC0-301F-11D3-BF4B-00C04F79EFBC}") = "OverlayPaint", "OverlayPaint\OverlayPaint.csproj", "{5F244C00-6A5B-4EBC-B7C6-148E66B28354}"
EndProject
Global
	GlobalSection(SolutionConfigurationPlatforms) = preSolution
		Debug|Any CPU = Debug|Any CPU
		Release|Any CPU = Release|Any CPU
	EndGlobalSection
	GlobalSection(ProjectConfigurationPlatforms) = postSolution
		{ED77BEBD-F0A9-4DE3-B4AC-3822CAA0D936}.Debug|Any CPU.ActiveCfg = Debug|Any CPU
		{ED77BEBD-F0A9-4DE3-B4AC-3822CAA0D936}.Debug|Any CPU.Build.0 = Debug|Any CPU
		{ED77BEBD-F0A9-4DE3-B4AC-3822CAA0D936}.Release|Any CPU.ActiveCfg = Release|Any CPU
		{ED77BEBD-F0A9-4DE3-B4AC-3822CAA0D936}.Release|Any CPU.Build.0 = Release|Any CPU
		{5F244C00-6A5B-4EBC-B7C6-148E66B28354}.Debug|Any CPU.ActiveCfg = Debug|Any CPU
		{5F244C00-6A5B-4EBC-B7C6-148E66B28354}.Debug|Any CPU.Build.0 = Debug|Any CPU
		{5F244C00-6A5B-4EBC-B7C6-148E66B28354}.Release|Any CPU.ActiveCfg = Release|Any CPU
		{5F244C00-6A5B-4EBC-B7C6-148E66B28354}.Release|Any CPU.Build.0 = Release|Any CPU
	EndGlobalSection
	GlobalSection(SolutionProperties) = preSolution
		HideSolutionNode = FALSE
	EndGlobalSection
EndGlobal
